
Microsoft Visual Studio Solution File, Format Version 12.00
# Visual Studio 14
VisualStudioVersion = 14.0.24720.0
MinimumVisualStudioVersion = 10.0.40219.1
Project("{FAE04EC0-301F-11D3-BF4B-00C04F79EFBC}") = "MongoSpike", "MongoSpike\MongoSpike.csproj", "{143C57DF-1336-4351-AD18-7CF678E10E40}"
EndProject
Project("{FAE04EC0-301F-11D3-BF4B-00C04F79EFBC}") = "MongoSpikeTest", "MongoSpikeTest\MongoSpikeTest.csproj", "{FD26DDDD-D93F-44E5-ABCA-4FFE0A933877}"
EndProject
Global
	GlobalSection(SolutionConfigurationPlatforms) = preSolution
		Debug|Any CPU = Debug|Any CPU
		Release|Any CPU = Release|Any CPU
	EndGlobalSection
	GlobalSection(ProjectConfigurationPlatforms) = postSolution
		{143C57DF-1336-4351-AD18-7CF678E10E40}.Debug|Any CPU.ActiveCfg = Debug|Any CPU
		{143C57DF-1336-4351-AD18-7CF678E10E40}.Debug|Any CPU.Build.0 = Debug|Any CPU
		{143C57DF-1336-4351-AD18-7CF678E10E40}.Release|Any CPU.ActiveCfg = Release|Any CPU
		{143C57DF-1336-4351-AD18-7CF678E10E40}.Release|Any CPU.Build.0 = Release|Any CPU
		{FD26DDDD-D93F-44E5-ABCA-4FFE0A933877}.Debug|Any CPU.ActiveCfg = Debug|Any CPU
		{FD26DDDD-D93F-44E5-ABCA-4FFE0A933877}.Debug|Any CPU.Build.0 = Debug|Any CPU
		{FD26DDDD-D93F-44E5-ABCA-4FFE0A933877}.Release|Any CPU.ActiveCfg = Release|Any CPU
		{FD26DDDD-D93F-44E5-ABCA-4FFE0A933877}.Release|Any CPU.Build.0 = Release|Any CPU
	EndGlobalSection
	GlobalSection(SolutionProperties) = preSolution
		HideSolutionNode = FALSE
	EndGlobalSection
EndGlobal
